
Microsoft Visual Studio Solution File, Format Version 12.00
# Visual Studio Version 16
VisualStudioVersion = 16.0.32602.291
MinimumVisualStudioVersion = 10.0.40219.1
Project("{FAE04EC0-301F-11D3-BF4B-00C04F79EFBC}") = "OppIntroApp-01", "OppIntroApp-01\OppIntroApp-01.csproj", "{6EEFA011-2161-468E-ABE5-D6446E39C7EE}"
EndProject
Global
	GlobalSection(SolutionConfigurationPlatforms) = preSolution
		Debug|Any CPU = Debug|Any CPU
		Release|Any CPU = Release|Any CPU
	EndGlobalSection
	GlobalSection(ProjectConfigurationPlatforms) = postSolution
		{6EEFA011-2161-468E-ABE5-D6446E39C7EE}.Debug|Any CPU.ActiveCfg = Debug|Any CPU
		{6EEFA011-2161-468E-ABE5-D6446E39C7EE}.Debug|Any CPU.Build.0 = Debug|Any CPU
		{6EEFA011-2161-468E-ABE5-D6446E39C7EE}.Release|Any CPU.ActiveCfg = Release|Any CPU
		{6EEFA011-2161-468E-ABE5-D6446E39C7EE}.Release|Any CPU.Build.0 = Release|Any CPU
	EndGlobalSection
	GlobalSection(SolutionProperties) = preSolution
		HideSolutionNode = FALSE
	EndGlobalSection
	GlobalSection(ExtensibilityGlobals) = postSolution
		SolutionGuid = {E349BCD5-78BE-4152-BD53-283A14711750}
	EndGlobalSection
EndGlobal
